
Microsoft Visual Studio Solution File, Format Version 12.00
# Visual Studio 15
VisualStudioVersion = 15.0.28010.0
MinimumVisualStudioVersion = 10.0.40219.1
Project("{FAE04EC0-301F-11D3-BF4B-00C04F79EFBC}") = "MEF_DEMO_WPF", "MEF_DEMO_WPF\MEF_DEMO_WPF.csproj", "{33CAB4CC-6905-416C-865C-1FA07AC77BBE}"
EndProject
Project("{FAE04EC0-301F-11D3-BF4B-00C04F79EFBC}") = "IPluginInterface", "IPluginInterface\IPluginInterface.csproj", "{924F5086-75BD-4EAF-BEC1-F6C63F658121}"
EndProject
Project("{FAE04EC0-301F-11D3-BF4B-00C04F79EFBC}") = "WindowPlugin2", "WindowPlugin2\WindowPlugin2.csproj", "{B53C4E24-348A-4B6F-BCE3-3D8451D38978}"
EndProject
Project("{FAE04EC0-301F-11D3-BF4B-00C04F79EFBC}") = "WindowPlugin1", "WindowPlugin1\WindowPlugin1.csproj", "{2047ACA8-B7E1-4570-869C-8CFEF45EC693}"
EndProject
Project("{FAE04EC0-301F-11D3-BF4B-00C04F79EFBC}") = "UserControlplugin", "UserControlplugin\UserControlplugin.csproj", "{B906575B-3152-4D32-81AC-6D4DA6C8BB0C}"
EndProject
Global
	GlobalSection(SolutionConfigurationPlatforms) = preSolution
		Debug|Any CPU = Debug|Any CPU
		Release|Any CPU = Release|Any CPU
	EndGlobalSection
	GlobalSection(ProjectConfigurationPlatforms) = postSolution
		{33CAB4CC-6905-416C-865C-1FA07AC77BBE}.Debug|Any CPU.ActiveCfg = Debug|Any CPU
		{33CAB4CC-6905-416C-865C-1FA07AC77BBE}.Debug|Any CPU.Build.0 = Debug|Any CPU
		{33CAB4CC-6905-416C-865C-1FA07AC77BBE}.Release|Any CPU.ActiveCfg = Release|Any CPU
		{33CAB4CC-6905-416C-865C-1FA07AC77BBE}.Release|Any CPU.Build.0 = Release|Any CPU
		{924F5086-75BD-4EAF-BEC1-F6C63F658121}.Debug|Any CPU.ActiveCfg = Debug|Any CPU
		{924F5086-75BD-4EAF-BEC1-F6C63F658121}.Debug|Any CPU.Build.0 = Debug|Any CPU
		{924F5086-75BD-4EAF-BEC1-F6C63F658121}.Release|Any CPU.ActiveCfg = Release|Any CPU
		{924F5086-75BD-4EAF-BEC1-F6C63F658121}.Release|Any CPU.Build.0 = Release|Any CPU
		{B53C4E24-348A-4B6F-BCE3-3D8451D38978}.Debug|Any CPU.ActiveCfg = Debug|Any CPU
		{B53C4E24-348A-4B6F-BCE3-3D8451D38978}.Debug|Any CPU.Build.0 = Debug|Any CPU
		{B53C4E24-348A-4B6F-BCE3-3D8451D38978}.Release|Any CPU.ActiveCfg = Release|Any CPU
		{B53C4E24-348A-4B6F-BCE3-3D8451D38978}.Release|Any CPU.Build.0 = Release|Any CPU
		{2047ACA8-B7E1-4570-869C-8CFEF45EC693}.Debug|Any CPU.ActiveCfg = Debug|Any CPU
		{2047ACA8-B7E1-4570-869C-8CFEF45EC693}.Debug|Any CPU.Build.0 = Debug|Any CPU
		{2047ACA8-B7E1-4570-869C-8CFEF45EC693}.Release|Any CPU.ActiveCfg = Release|Any CPU
		{2047ACA8-B7E1-4570-869C-8CFEF45EC693}.Release|Any CPU.Build.0 = Release|Any CPU
		{B906575B-3152-4D32-81AC-6D4DA6C8BB0C}.Debug|Any CPU.ActiveCfg = Debug|Any CPU
		{B906575B-3152-4D32-81AC-6D4DA6C8BB0C}.Debug|Any CPU.Build.0 = Debug|Any CPU
		{B906575B-3152-4D32-81AC-6D4DA6C8BB0C}.Release|Any CPU.ActiveCfg = Release|Any CPU
		{B906575B-3152-4D32-81AC-6D4DA6C8BB0C}.Release|Any CPU.Build.0 = Release|Any CPU
	EndGlobalSection
	GlobalSection(SolutionProperties) = preSolution
		HideSolutionNode = FALSE
	EndGlobalSection
	GlobalSection(ExtensibilityGlobals) = postSolution
		SolutionGuid = {15B6305A-73EC-4B99-B159-6BCEFA74C8A5}
	EndGlobalSection
EndGlobal
